
Microsoft Visual Studio Solution File, Format Version 12.00
# Visual Studio Version 16
VisualStudioVersion = 25.0.1703.6
MinimumVisualStudioVersion = 10.0.40219.1
Project("{FAE04EC0-301F-11D3-BF4B-00C04F79EFBC}") = "lessons", "lessons\lessons.csproj", "{3FC6CAE2-1FF9-40F7-85C5-569E4AE5974D}"
EndProject
Global
	GlobalSection(SolutionConfigurationPlatforms) = preSolution
		Debug|Any CPU = Debug|Any CPU
		Release|Any CPU = Release|Any CPU
	EndGlobalSection
	GlobalSection(ProjectConfigurationPlatforms) = postSolution
		{3FC6CAE2-1FF9-40F7-85C5-569E4AE5974D}.Debug|Any CPU.ActiveCfg = Debug|Any CPU
		{3FC6CAE2-1FF9-40F7-85C5-569E4AE5974D}.Debug|Any CPU.Build.0 = Debug|Any CPU
		{3FC6CAE2-1FF9-40F7-85C5-569E4AE5974D}.Release|Any CPU.ActiveCfg = Release|Any CPU
		{3FC6CAE2-1FF9-40F7-85C5-569E4AE5974D}.Release|Any CPU.Build.0 = Release|Any CPU
	EndGlobalSection
	GlobalSection(SolutionProperties) = preSolution
		HideSolutionNode = FALSE
	EndGlobalSection
	GlobalSection(ExtensibilityGlobals) = postSolution
		SolutionGuid = {27904248-D94F-4DE0-AC60-0F6BE5683CF9}
	EndGlobalSection
EndGlobal
